// !$*UTF8*$!
{
	archiveVersion = 1;
	classes = {
	};
	objectVersion = 77;
	objects = {

/* Begin PBXBuildFile section */
		0AC7DE62F2CAC058942306E7 /* BioAgeCalculatorTests.swift in Sources */ = {isa = PBXBuildFile; fileRef = 0A2D695731CC6780A428E4AC /* BioAgeCalculatorTests.swift */; };
		161880419362762F1F5C1754 /* Foundation.framework in Frameworks */ = {isa = PBXBuildFile; fileRef = B658C60AC9A3134AE0C3EDA5 /* Foundation.framework */; };
		19FF7CDE8F20585FB3F027EC /* StressContextPayloadTests.swift in Sources */ = {isa = PBXBuildFile; fileRef = FF19921F5E82175704921949 /* StressContextPayloadTests.swift */; };
		2A951B0BD4333E43C6CD797D /* CharacterAssetResolverTests.swift in Sources */ = {isa = PBXBuildFile; fileRef = 00D7CBDFC67338FE88016310 /* CharacterAssetResolverTests.swift */; };
		32CD859348BB101E3C19E3AA /* StressMonitorProducts.storekit in Resources */ = {isa = PBXBuildFile; fileRef = 4C67EAC979024C30F581AD22 /* StressMonitorProducts.storekit */; };
		39419B30DE0EE4EDBA6A2CB4 /* WidgetPublisherKeyMatchingTests.swift in Sources */ = {isa = PBXBuildFile; fileRef = B6AC42E6137A72A55808876F /* WidgetPublisherKeyMatchingTests.swift */; };
		4B42B91606B4D42E3CE7A998 /* CharacterEntitlementSyncTests.swift in Sources */ = {isa = PBXBuildFile; fileRef = 713235225361EAF1FE04D14B /* CharacterEntitlementSyncTests.swift */; };
		741F9DF5DA5A4E97A3918E94 /* StoreKitTestSessionProvider.swift in Sources */ = {isa = PBXBuildFile; fileRef = 38B4FDA585844AA492F5BFEB /* StoreKitTestSessionProvider.swift */; };
		9E36EB4221565C3D18AE9BF1 /* StoreKitServiceTests.swift in Sources */ = {isa = PBXBuildFile; fileRef = 0ED711106429F77E210D3F60 /* StoreKitServiceTests.swift */; };
		D1858B03657E705B3A69F771 /* StoreKitProductCatalogTests.swift in Sources */ = {isa = PBXBuildFile; fileRef = A41EC256A3DD566A20DAB84B /* StoreKitProductCatalogTests.swift */; };
		E21535775B493D041FBC5E94 /* CharacterCollectionViewModelTests.swift in Sources */ = {isa = PBXBuildFile; fileRef = 21C3984665BFD5D2C50B51BC /* CharacterCollectionViewModelTests.swift */; };
		E8D9B7231036C614602516E5 /* WidgetDataStateTests.swift in Sources */ = {isa = PBXBuildFile; fileRef = 174DE64763F4E03018E24D7D /* WidgetDataStateTests.swift */; };
		F14C2C7A012F5F2D048E8230 /* PremiumViewModelTests.swift in Sources */ = {isa = PBXBuildFile; fileRef = 5F1E29FB29A0C0373818403F /* PremiumViewModelTests.swift */; };
		F1A1B2C3D4E500000000B001 /* ModelContainerRecoveryTests.swift in Sources */ = {isa = PBXBuildFile; fileRef = F1A1B2C3D4E500000000A001 /* ModelContainerRecoveryTests.swift */; };
		F1A1B2C3D4E500000000B002 /* StressMeasurementMigrationTests.swift in Sources */ = {isa = PBXBuildFile; fileRef = F1A1B2C3D4E500000000A002 /* StressMeasurementMigrationTests.swift */; };
		F1A1B2C3D4E500000000B003 /* StressAPIConfigTests.swift in Sources */ = {isa = PBXBuildFile; fileRef = F1A1B2C3D4E500000000A003 /* StressAPIConfigTests.swift */; };
		F1A1B2C3D4E500000000B004 /* StressAPIClientTests.swift in Sources */ = {isa = PBXBuildFile; fileRef = F1A1B2C3D4E500000000A004 /* StressAPIClientTests.swift */; };
		F1A1B2C3D4E500000000B005 /* FirebaseAuthServiceTests.swift in Sources */ = {isa = PBXBuildFile; fileRef = F1A1B2C3D4E500000000A005 /* FirebaseAuthServiceTests.swift */; };
		F1A1B2C3D4E500000000B006 /* AccountViewModelTests.swift in Sources */ = {isa = PBXBuildFile; fileRef = F1A1B2C3D4E500000000A006 /* AccountViewModelTests.swift */; };
		F1A1B2C3D4E500000000B007 /* ChatAvailabilityTests.swift in Sources */ = {isa = PBXBuildFile; fileRef = F1A1B2C3D4E500000000A007 /* ChatAvailabilityTests.swift */; };
		F1A1B2C3D4E500000000B008 /* ChatLifecycleTests.swift in Sources */ = {isa = PBXBuildFile; fileRef = F1A1B2C3D4E500000000A008 /* ChatLifecycleTests.swift */; };
		F1A1B2C3D4E500000000B009 /* SSEParserTests.swift in Sources */ = {isa = PBXBuildFile; fileRef = F1A1B2C3D4E500000000A009 /* SSEParserTests.swift */; };
		F1A1B2C3D4E500000000B010 /* LLMServiceErrorTests.swift in Sources */ = {isa = PBXBuildFile; fileRef = F1A1B2C3D4E500000000A010 /* LLMServiceErrorTests.swift */; };
		F1A1B2C3D4E500000000B011 /* EntitlementForegroundCorrectionTests.swift in Sources */ = {isa = PBXBuildFile; fileRef = F1A1B2C3D4E500000000A011 /* EntitlementForegroundCorrectionTests.swift */; };
		F1A1B2C3D4E500000000B012 /* DataDeletionConsolidationTests.swift in Sources */ = {isa = PBXBuildFile; fileRef = F1A1B2C3D4E500000000A012 /* DataDeletionConsolidationTests.swift */; };
		F1A1B2C3D4E500000000B013 /* StoreKitProductCatalogLiveTests.swift in Sources */ = {isa = PBXBuildFile; fileRef = F1A1B2C3D4E500000000A013 /* StoreKitProductCatalogLiveTests.swift */; };
		F1A1B2C3D4E500000000B014 /* CreditServiceTests.swift in Sources */ = {isa = PBXBuildFile; fileRef = F1A1B2C3D4E500000000A014 /* CreditServiceTests.swift */; };
		F1A1B2C3D4E500000000B015 /* StressAPIClientCreditsTests.swift in Sources */ = {isa = PBXBuildFile; fileRef = F1A1B2C3D4E500000000A015 /* StressAPIClientCreditsTests.swift */; };
		F1A1B2C3D4E500000000B016 /* CreditPurchaseFlowTests.swift in Sources */ = {isa = PBXBuildFile; fileRef = F1A1B2C3D4E500000000A016 /* CreditPurchaseFlowTests.swift */; };
		F1A1B2C3D4E500000000B017 /* CreditsViewModelTests.swift in Sources */ = {isa = PBXBuildFile; fileRef = F1A1B2C3D4E500000000A017 /* CreditsViewModelTests.swift */; };
		F1A1B2C3D4E500000000B018 /* StressAPIClientSessionsTests.swift in Sources */ = {isa = PBXBuildFile; fileRef = F1A1B2C3D4E500000000A018 /* StressAPIClientSessionsTests.swift */; };
		F1A1B2C3D4E500000000B019 /* ChatHistoryRestoreTests.swift in Sources */ = {isa = PBXBuildFile; fileRef = F1A1B2C3D4E500000000A019 /* ChatHistoryRestoreTests.swift */; };
		F1A1B2C3D4E500000000B020 /* StressAPIClientPreferencesTests.swift in Sources */ = {isa = PBXBuildFile; fileRef = F1A1B2C3D4E500000000A020 /* StressAPIClientPreferencesTests.swift */; };
		F1A1B2C3D4E500000000B021 /* PreferencesServiceTests.swift in Sources */ = {isa = PBXBuildFile; fileRef = F1A1B2C3D4E500000000A021 /* PreferencesServiceTests.swift */; };
		F1A1B2C3D4E500000000B022 /* StressAPIClientQuickActionsTests.swift in Sources */ = {isa = PBXBuildFile; fileRef = F1A1B2C3D4E500000000A022 /* StressAPIClientQuickActionsTests.swift */; };
		F1A1B2C3D4E500000000B023 /* DataDeleterServerWipeTests.swift in Sources */ = {isa = PBXBuildFile; fileRef = F1A1B2C3D4E500000000A023 /* DataDeleterServerWipeTests.swift */; };
		F1A1B2C3D4E500000000B024 /* FirebaseBootstrapTests.swift in Sources */ = {isa = PBXBuildFile; fileRef = F1A1B2C3D4E500000000A024 /* FirebaseBootstrapTests.swift */; };
		F1A1B2C3D4E500000000B025 /* AuthServiceErrorTests.swift in Sources */ = {isa = PBXBuildFile; fileRef = F1A1B2C3D4E500000000A025 /* AuthServiceErrorTests.swift */; };
		F1A1B2C3D4E500000000B026 /* DataDeleterCloudKitTruthinessTests.swift in Sources */ = {isa = PBXBuildFile; fileRef = F1A1B2C3D4E500000000A026 /* DataDeleterCloudKitTruthinessTests.swift */; };
		F1A1B2C3D4E500000000B027 /* StoreKitServiceWiringTests.swift in Sources */ = {isa = PBXBuildFile; fileRef = F1A1B2C3D4E500000000A027 /* StoreKitServiceWiringTests.swift */; };
		F1A1B2C3D4E500000000B028 /* ContrastComplianceTests.swift in Sources */ = {isa = PBXBuildFile; fileRef = F1A1B2C3D4E500000000A028 /* ContrastComplianceTests.swift */; };
		F1A1B2C3D4E500000000B029 /* FontWellnessTypeParityTests.swift in Sources */ = {isa = PBXBuildFile; fileRef = F1A1B2C3D4E500000000A029 /* FontWellnessTypeParityTests.swift */; };
		F1A1B2C3D4E500000000B030 /* ChartAccessibilityTests.swift in Sources */ = {isa = PBXBuildFile; fileRef = F1A1B2C3D4E500000000A030 /* ChartAccessibilityTests.swift */; };
		F1A1B2C3D4E500000000B031 /* StressCategoryAccessibilityTests.swift in Sources */ = {isa = PBXBuildFile; fileRef = F1A1B2C3D4E500000000A031 /* StressCategoryAccessibilityTests.swift */; };
		F1A1B2C3D4E500000000B031 /* StressAPIClientHealthTests.swift in Sources */ = {isa = PBXBuildFile; fileRef = F1A1B2C3D4E500000000A031 /* StressAPIClientHealthTests.swift */; };
		F1A1B2C3D4E500000000B032 /* HealthKitDailySummaryTests.swift in Sources */ = {isa = PBXBuildFile; fileRef = F1A1B2C3D4E500000000A032 /* HealthKitDailySummaryTests.swift */; };
		F1A1B2C3D4E500000000B033 /* HealthSyncServiceTests.swift in Sources */ = {isa = PBXBuildFile; fileRef = F1A1B2C3D4E500000000A033 /* HealthSyncServiceTests.swift */; };
		F1A1B2C3D4E500000000B034 /* AgentChatViewModelTests.swift in Sources */ = {isa = PBXBuildFile; fileRef = F1A1B2C3D4E500000000A034 /* AgentChatViewModelTests.swift */; };
		F211BBDA2FD9112000A6E25D /* WidgetKit.framework in Frameworks */ = {isa = PBXBuildFile; fileRef = F211BBD92FD9111F00A6E25D /* WidgetKit.framework */; };
		F211BBDC2FD9112000A6E25D /* SwiftUI.framework in Frameworks */ = {isa = PBXBuildFile; fileRef = F211BBDB2FD9112000A6E25D /* SwiftUI.framework */; };
		F211BBED2FD9112200A6E25D /* StressMonitorWidgetExtension.appex in Embed Foundation Extensions */ = {isa = PBXBuildFile; fileRef = F211BBD72FD9111F00A6E25D /* StressMonitorWidgetExtension.appex */; settings = {ATTRIBUTES = (RemoveHeadersOnCopy, ); }; };
		F2E2EC392F1CC605000C2B53 /* StressMonitorWatch Watch App.app in Embed Watch Content */ = {isa = PBXBuildFile; fileRef = F2E2EC192F1CC602000C2B53 /* StressMonitorWatch Watch App.app */; settings = {ATTRIBUTES = (RemoveHeadersOnCopy, ); }; };
/* End PBXBuildFile section */

/* Begin PBXContainerItemProxy section */
		CEED39EED27C5F01A50C927C /* PBXContainerItemProxy */ = {
			isa = PBXContainerItemProxy;
			containerPortal = F2E2EBE12F1CC553000C2B53 /* Project object */;
			proxyType = 1;
			remoteGlobalIDString = F2E2EBE82F1CC553000C2B53;
			remoteInfo = StressMonitor;
		};
		F211BBEB2FD9112200A6E25D /* PBXContainerItemProxy */ = {
			isa = PBXContainerItemProxy;
			containerPortal = F2E2EBE12F1CC553000C2B53 /* Project object */;
			proxyType = 1;
			remoteGlobalIDString = F211BBD62FD9111F00A6E25D;
			remoteInfo = StressMonitorWidgetExtension;
		};
		F2E2EC372F1CC605000C2B53 /* PBXContainerItemProxy */ = {
			isa = PBXContainerItemProxy;
			containerPortal = F2E2EBE12F1CC553000C2B53 /* Project object */;
			proxyType = 1;
			remoteGlobalIDString = F2E2EC182F1CC602000C2B53;
			remoteInfo = "StressMonitorWatch Watch App";
		};
/* End PBXContainerItemProxy section */

/* Begin PBXCopyFilesBuildPhase section */
		F211BBEE2FD9112200A6E25D /* Embed Foundation Extensions */ = {
			isa = PBXCopyFilesBuildPhase;
			buildActionMask = 2147483647;
			dstPath = "";
			dstSubfolderSpec = 13;
			files = (
				F211BBED2FD9112200A6E25D /* StressMonitorWidgetExtension.appex in Embed Foundation Extensions */,
			);
			name = "Embed Foundation Extensions";
			runOnlyForDeploymentPostprocessing = 0;
		};
		F2E2EC3D2F1CC605000C2B53 /* Embed Watch Content */ = {
			isa = PBXCopyFilesBuildPhase;
			buildActionMask = 2147483647;
			dstPath = "$(CONTENTS_FOLDER_PATH)/Watch";
			dstSubfolderSpec = 16;
			files = (
				F2E2EC392F1CC605000C2B53 /* StressMonitorWatch Watch App.app in Embed Watch Content */,
			);
			name = "Embed Watch Content";
			runOnlyForDeploymentPostprocessing = 0;
		};
/* End PBXCopyFilesBuildPhase section */

/* Begin PBXFileReference section */
		00D7CBDFC67338FE88016310 /* CharacterAssetResolverTests.swift */ = {isa = PBXFileReference; includeInIndex = 1; lastKnownFileType = sourcecode.swift; name = CharacterAssetResolverTests.swift; path = StressMonitorTests/CharacterAssetResolverTests.swift; sourceTree = "<group>"; };
		0A2D695731CC6780A428E4AC /* BioAgeCalculatorTests.swift */ = {isa = PBXFileReference; includeInIndex = 1; lastKnownFileType = sourcecode.swift; name = BioAgeCalculatorTests.swift; path = StressMonitorTests/BioAgeCalculatorTests.swift; sourceTree = "<group>"; };
		0ED711106429F77E210D3F60 /* StoreKitServiceTests.swift */ = {isa = PBXFileReference; includeInIndex = 1; lastKnownFileType = sourcecode.swift; name = StoreKitServiceTests.swift; path = StressMonitorTests/StoreKitServiceTests.swift; sourceTree = "<group>"; };
		174DE64763F4E03018E24D7D /* WidgetDataStateTests.swift */ = {isa = PBXFileReference; includeInIndex = 1; lastKnownFileType = sourcecode.swift; name = WidgetDataStateTests.swift; path = StressMonitorTests/WidgetDataStateTests.swift; sourceTree = "<group>"; };
		21C3984665BFD5D2C50B51BC /* CharacterCollectionViewModelTests.swift */ = {isa = PBXFileReference; includeInIndex = 1; lastKnownFileType = sourcecode.swift; name = CharacterCollectionViewModelTests.swift; path = StressMonitorTests/CharacterCollectionViewModelTests.swift; sourceTree = "<group>"; };
		38B4FDA585844AA492F5BFEB /* StoreKitTestSessionProvider.swift */ = {isa = PBXFileReference; includeInIndex = 1; lastKnownFileType = sourcecode.swift; name = StoreKitTestSessionProvider.swift; path = StressMonitorTests/StoreKitTestSessionProvider.swift; sourceTree = "<group>"; };
		4C67EAC979024C30F581AD22 /* StressMonitorProducts.storekit */ = {isa = PBXFileReference; includeInIndex = 1; lastKnownFileType = text; name = StressMonitorProducts.storekit; path = StressMonitorTests/StressMonitorProducts.storekit; sourceTree = "<group>"; };
		4EBAA6A00E9A0149628330B9 /* StressMonitorTests.xctest */ = {isa = PBXFileReference; explicitFileType = wrapper.cfbundle; includeInIndex = 0; path = StressMonitorTests.xctest; sourceTree = BUILT_PRODUCTS_DIR; };
		5F1E29FB29A0C0373818403F /* PremiumViewModelTests.swift */ = {isa = PBXFileReference; includeInIndex = 1; lastKnownFileType = sourcecode.swift; name = PremiumViewModelTests.swift; path = StressMonitorTests/PremiumViewModelTests.swift; sourceTree = "<group>"; };
		713235225361EAF1FE04D14B /* CharacterEntitlementSyncTests.swift */ = {isa = PBXFileReference; includeInIndex = 1; lastKnownFileType = sourcecode.swift; name = CharacterEntitlementSyncTests.swift; path = StressMonitorTests/CharacterEntitlementSyncTests.swift; sourceTree = "<group>"; };
		A41EC256A3DD566A20DAB84B /* StoreKitProductCatalogTests.swift */ = {isa = PBXFileReference; includeInIndex = 1; lastKnownFileType = sourcecode.swift; name = StoreKitProductCatalogTests.swift; path = StressMonitorTests/StoreKitProductCatalogTests.swift; sourceTree = "<group>"; };
		B658C60AC9A3134AE0C3EDA5 /* Foundation.framework */ = {isa = PBXFileReference; lastKnownFileType = wrapper.framework; name = Foundation.framework; path = Platforms/iPhoneOS.platform/Developer/SDKs/iPhoneOS26.0.sdk/System/Library/Frameworks/Foundation.framework; sourceTree = DEVELOPER_DIR; };
		B6AC42E6137A72A55808876F /* WidgetPublisherKeyMatchingTests.swift */ = {isa = PBXFileReference; includeInIndex = 1; lastKnownFileType = sourcecode.swift; name = WidgetPublisherKeyMatchingTests.swift; path = StressMonitorTests/WidgetPublisherKeyMatchingTests.swift; sourceTree = "<group>"; };
		F1A1B2C3D4E500000000A001 /* ModelContainerRecoveryTests.swift */ = {isa = PBXFileReference; includeInIndex = 1; lastKnownFileType = sourcecode.swift; name = ModelContainerRecoveryTests.swift; path = StressMonitorTests/ModelContainerRecoveryTests.swift; sourceTree = "<group>"; };
		F1A1B2C3D4E500000000A002 /* StressMeasurementMigrationTests.swift */ = {isa = PBXFileReference; includeInIndex = 1; lastKnownFileType = sourcecode.swift; name = StressMeasurementMigrationTests.swift; path = StressMonitorTests/StressMeasurementMigrationTests.swift; sourceTree = "<group>"; };
		F1A1B2C3D4E500000000A003 /* StressAPIConfigTests.swift */ = {isa = PBXFileReference; includeInIndex = 1; lastKnownFileType = sourcecode.swift; name = StressAPIConfigTests.swift; path = StressMonitorTests/StressAPIConfigTests.swift; sourceTree = "<group>"; };
		F1A1B2C3D4E500000000A004 /* StressAPIClientTests.swift */ = {isa = PBXFileReference; includeInIndex = 1; lastKnownFileType = sourcecode.swift; name = StressAPIClientTests.swift; path = StressMonitorTests/StressAPIClientTests.swift; sourceTree = "<group>"; };
		F1A1B2C3D4E500000000A005 /* FirebaseAuthServiceTests.swift */ = {isa = PBXFileReference; includeInIndex = 1; lastKnownFileType = sourcecode.swift; name = FirebaseAuthServiceTests.swift; path = StressMonitorTests/FirebaseAuthServiceTests.swift; sourceTree = "<group>"; };
		F1A1B2C3D4E500000000A006 /* AccountViewModelTests.swift */ = {isa = PBXFileReference; includeInIndex = 1; lastKnownFileType = sourcecode.swift; name = AccountViewModelTests.swift; path = StressMonitorTests/AccountViewModelTests.swift; sourceTree = "<group>"; };
		F1A1B2C3D4E500000000A007 /* ChatAvailabilityTests.swift */ = {isa = PBXFileReference; includeInIndex = 1; lastKnownFileType = sourcecode.swift; name = ChatAvailabilityTests.swift; path = StressMonitorTests/ChatAvailabilityTests.swift; sourceTree = "<group>"; };
		F1A1B2C3D4E500000000A008 /* ChatLifecycleTests.swift */ = {isa = PBXFileReference; includeInIndex = 1; lastKnownFileType = sourcecode.swift; name = ChatLifecycleTests.swift; path = StressMonitorTests/ChatLifecycleTests.swift; sourceTree = "<group>"; };
		F1A1B2C3D4E500000000A009 /* SSEParserTests.swift */ = {isa = PBXFileReference; includeInIndex = 1; lastKnownFileType = sourcecode.swift; name = SSEParserTests.swift; path = StressMonitorTests/SSEParserTests.swift; sourceTree = "<group>"; };
		F1A1B2C3D4E500000000A010 /* LLMServiceErrorTests.swift */ = {isa = PBXFileReference; includeInIndex = 1; lastKnownFileType = sourcecode.swift; name = LLMServiceErrorTests.swift; path = StressMonitorTests/LLMServiceErrorTests.swift; sourceTree = "<group>"; };
		F1A1B2C3D4E500000000A011 /* EntitlementForegroundCorrectionTests.swift */ = {isa = PBXFileReference; includeInIndex = 1; lastKnownFileType = sourcecode.swift; name = EntitlementForegroundCorrectionTests.swift; path = StressMonitorTests/EntitlementForegroundCorrectionTests.swift; sourceTree = "<group>"; };
		F1A1B2C3D4E500000000A012 /* DataDeletionConsolidationTests.swift */ = {isa = PBXFileReference; includeInIndex = 1; lastKnownFileType = sourcecode.swift; name = DataDeletionConsolidationTests.swift; path = StressMonitorTests/DataDeletionConsolidationTests.swift; sourceTree = "<group>"; };
		F1A1B2C3D4E500000000A013 /* StoreKitProductCatalogLiveTests.swift */ = {isa = PBXFileReference; includeInIndex = 1; lastKnownFileType = sourcecode.swift; name = StoreKitProductCatalogLiveTests.swift; path = StressMonitorTests/StoreKitProductCatalogLiveTests.swift; sourceTree = "<group>"; };
		F1A1B2C3D4E500000000A014 /* CreditServiceTests.swift */ = {isa = PBXFileReference; includeInIndex = 1; lastKnownFileType = sourcecode.swift; name = CreditServiceTests.swift; path = StressMonitorTests/CreditServiceTests.swift; sourceTree = "<group>"; };
		F1A1B2C3D4E500000000A015 /* StressAPIClientCreditsTests.swift */ = {isa = PBXFileReference; includeInIndex = 1; lastKnownFileType = sourcecode.swift; name = StressAPIClientCreditsTests.swift; path = StressMonitorTests/StressAPIClientCreditsTests.swift; sourceTree = "<group>"; };
		F1A1B2C3D4E500000000A016 /* CreditPurchaseFlowTests.swift */ = {isa = PBXFileReference; includeInIndex = 1; lastKnownFileType = sourcecode.swift; name = CreditPurchaseFlowTests.swift; path = StressMonitorTests/CreditPurchaseFlowTests.swift; sourceTree = "<group>"; };
		F1A1B2C3D4E500000000A017 /* CreditsViewModelTests.swift */ = {isa = PBXFileReference; includeInIndex = 1; lastKnownFileType = sourcecode.swift; name = CreditsViewModelTests.swift; path = StressMonitorTests/CreditsViewModelTests.swift; sourceTree = "<group>"; };
		F1A1B2C3D4E500000000A018 /* StressAPIClientSessionsTests.swift */ = {isa = PBXFileReference; includeInIndex = 1; lastKnownFileType = sourcecode.swift; name = StressAPIClientSessionsTests.swift; path = StressMonitorTests/StressAPIClientSessionsTests.swift; sourceTree = "<group>"; };
		F1A1B2C3D4E500000000A019 /* ChatHistoryRestoreTests.swift */ = {isa = PBXFileReference; includeInIndex = 1; lastKnownFileType = sourcecode.swift; name = ChatHistoryRestoreTests.swift; path = StressMonitorTests/ChatHistoryRestoreTests.swift; sourceTree = "<group>"; };
		F1A1B2C3D4E500000000A020 /* StressAPIClientPreferencesTests.swift */ = {isa = PBXFileReference; includeInIndex = 1; lastKnownFileType = sourcecode.swift; name = StressAPIClientPreferencesTests.swift; path = StressMonitorTests/StressAPIClientPreferencesTests.swift; sourceTree = "<group>"; };
		F1A1B2C3D4E500000000A021 /* PreferencesServiceTests.swift */ = {isa = PBXFileReference; includeInIndex = 1; lastKnownFileType = sourcecode.swift; name = PreferencesServiceTests.swift; path = StressMonitorTests/PreferencesServiceTests.swift; sourceTree = "<group>"; };
		F1A1B2C3D4E500000000A022 /* StressAPIClientQuickActionsTests.swift */ = {isa = PBXFileReference; includeInIndex = 1; lastKnownFileType = sourcecode.swift; name = StressAPIClientQuickActionsTests.swift; path = StressMonitorTests/StressAPIClientQuickActionsTests.swift; sourceTree = "<group>"; };
		F1A1B2C3D4E500000000A023 /* DataDeleterServerWipeTests.swift */ = {isa = PBXFileReference; includeInIndex = 1; lastKnownFileType = sourcecode.swift; name = DataDeleterServerWipeTests.swift; path = StressMonitorTests/DataDeleterServerWipeTests.swift; sourceTree = "<group>"; };
		F1A1B2C3D4E500000000A024 /* FirebaseBootstrapTests.swift */ = {isa = PBXFileReference; includeInIndex = 1; lastKnownFileType = sourcecode.swift; name = FirebaseBootstrapTests.swift; path = StressMonitorTests/FirebaseBootstrapTests.swift; sourceTree = "<group>"; };
		F1A1B2C3D4E500000000A025 /* AuthServiceErrorTests.swift */ = {isa = PBXFileReference; includeInIndex = 1; lastKnownFileType = sourcecode.swift; name = AuthServiceErrorTests.swift; path = StressMonitorTests/AuthServiceErrorTests.swift; sourceTree = "<group>"; };
		F1A1B2C3D4E500000000A026 /* DataDeleterCloudKitTruthinessTests.swift */ = {isa = PBXFileReference; includeInIndex = 1; lastKnownFileType = sourcecode.swift; name = DataDeleterCloudKitTruthinessTests.swift; path = StressMonitorTests/DataDeleterCloudKitTruthinessTests.swift; sourceTree = "<group>"; };
		F1A1B2C3D4E500000000A027 /* StoreKitServiceWiringTests.swift */ = {isa = PBXFileReference; includeInIndex = 1; lastKnownFileType = sourcecode.swift; name = StoreKitServiceWiringTests.swift; path = StressMonitorTests/StoreKitServiceWiringTests.swift; sourceTree = "<group>"; };
		F1A1B2C3D4E500000000A028 /* ContrastComplianceTests.swift */ = {isa = PBXFileReference; includeInIndex = 1; lastKnownFileType = sourcecode.swift; name = ContrastComplianceTests.swift; path = StressMonitorTests/ContrastComplianceTests.swift; sourceTree = "<group>"; };
		F1A1B2C3D4E500000000A031 /* StressCategoryAccessibilityTests.swift */ = {isa = PBXFileReference; includeInIndex = 1; lastKnownFileType = sourcecode.swift; name = StressCategoryAccessibilityTests.swift; path = StressMonitorTests/StressCategoryAccessibilityTests.swift; sourceTree = "<group>"; };
		F1A1B2C3D4E500000000A029 /* FontWellnessTypeParityTests.swift */ = {isa = PBXFileReference; includeInIndex = 1; lastKnownFileType = sourcecode.swift; name = FontWellnessTypeParityTests.swift; path = StressMonitorTests/FontWellnessTypeParityTests.swift; sourceTree = "<group>"; };
		F1A1B2C3D4E500000000A030 /* ChartAccessibilityTests.swift */ = {isa = PBXFileReference; includeInIndex = 1; lastKnownFileType = sourcecode.swift; name = ChartAccessibilityTests.swift; path = StressMonitorTests/ChartAccessibilityTests.swift; sourceTree = "<group>"; };
		F1A1B2C3D4E500000000A031 /* StressAPIClientHealthTests.swift */ = {isa = PBXFileReference; includeInIndex = 1; lastKnownFileType = sourcecode.swift; name = StressAPIClientHealthTests.swift; path = StressMonitorTests/StressAPIClientHealthTests.swift; sourceTree = "<group>"; };
		F1A1B2C3D4E500000000A032 /* HealthKitDailySummaryTests.swift */ = {isa = PBXFileReference; includeInIndex = 1; lastKnownFileType = sourcecode.swift; name = HealthKitDailySummaryTests.swift; path = StressMonitorTests/HealthKitDailySummaryTests.swift; sourceTree = "<group>"; };
		F1A1B2C3D4E500000000A033 /* HealthSyncServiceTests.swift */ = {isa = PBXFileReference; includeInIndex = 1; lastKnownFileType = sourcecode.swift; name = HealthSyncServiceTests.swift; path = StressMonitorTests/HealthSyncServiceTests.swift; sourceTree = "<group>"; };
		F1A1B2C3D4E500000000A034 /* AgentChatViewModelTests.swift */ = {isa = PBXFileReference; includeInIndex = 1; lastKnownFileType = sourcecode.swift; name = AgentChatViewModelTests.swift; path = StressMonitorTests/AgentChatViewModelTests.swift; sourceTree = "<group>"; };
		F211BBD72FD9111F00A6E25D /* StressMonitorWidgetExtension.appex */ = {isa = PBXFileReference; explicitFileType = "wrapper.app-extension"; includeInIndex = 0; path = StressMonitorWidgetExtension.appex; sourceTree = BUILT_PRODUCTS_DIR; };
		F211BBD92FD9111F00A6E25D /* WidgetKit.framework */ = {isa = PBXFileReference; lastKnownFileType = wrapper.framework; name = WidgetKit.framework; path = System/Library/Frameworks/WidgetKit.framework; sourceTree = SDKROOT; };
		F211BBDB2FD9112000A6E25D /* SwiftUI.framework */ = {isa = PBXFileReference; lastKnownFileType = wrapper.framework; name = SwiftUI.framework; path = System/Library/Frameworks/SwiftUI.framework; sourceTree = SDKROOT; };
		F2E2EBE92F1CC553000C2B53 /* StressMonitor.app */ = {isa = PBXFileReference; explicitFileType = wrapper.application; includeInIndex = 0; path = StressMonitor.app; sourceTree = BUILT_PRODUCTS_DIR; };
		F2E2EC022F1CC556000C2B53 /* StressMonitorUITests.xctest */ = {isa = PBXFileReference; explicitFileType = wrapper.cfbundle; includeInIndex = 0; path = StressMonitorUITests.xctest; sourceTree = BUILT_PRODUCTS_DIR; };
		F2E2EC192F1CC602000C2B53 /* StressMonitorWatch Watch App.app */ = {isa = PBXFileReference; explicitFileType = wrapper.application; includeInIndex = 0; path = "StressMonitorWatch Watch App.app"; sourceTree = BUILT_PRODUCTS_DIR; };
		F2E2EC252F1CC605000C2B53 /* StressMonitorWatch Watch AppTests.xctest */ = {isa = PBXFileReference; explicitFileType = wrapper.cfbundle; includeInIndex = 0; path = "StressMonitorWatch Watch AppTests.xctest"; sourceTree = BUILT_PRODUCTS_DIR; };
		F2E2EC2F2F1CC605000C2B53 /* StressMonitorWatch Watch AppUITests.xctest */ = {isa = PBXFileReference; explicitFileType = wrapper.cfbundle; includeInIndex = 0; path = "StressMonitorWatch Watch AppUITests.xctest"; sourceTree = BUILT_PRODUCTS_DIR; };
		FF19921F5E82175704921949 /* StressContextPayloadTests.swift */ = {isa = PBXFileReference; includeInIndex = 1; lastKnownFileType = sourcecode.swift; name = StressContextPayloadTests.swift; path = StressMonitorTests/StressContextPayloadTests.swift; sourceTree = "<group>"; };
/* End PBXFileReference section */

/* Begin PBXFileSystemSynchronizedBuildFileExceptionSet section */
		F211BBF12FD9112200A6E25D /* Exceptions for "StressMonitorWidget" folder in "StressMonitorWidgetExtension" target */ = {
			isa = PBXFileSystemSynchronizedBuildFileExceptionSet;
			membershipExceptions = (
				Info.plist,
			);
			target = F211BBD62FD9111F00A6E25D /* StressMonitorWidgetExtension */;
		};
		F2CD35E02FDD272A000ED536 /* Exceptions for "StressMonitor" folder in "StressMonitor" target */ = {
			isa = PBXFileSystemSynchronizedBuildFileExceptionSet;
			membershipExceptions = (
				Info.plist,
			);
			target = F2E2EBE82F1CC553000C2B53 /* StressMonitor */;
		};
		F2D098F52F66727C00EC7538 /* Exceptions for "StressMonitor" folder in "StressMonitorWatch Watch App" target */ = {
			isa = PBXFileSystemSynchronizedBuildFileExceptionSet;
			membershipExceptions = (
				"Fonts/Lato-Black.ttf",
				"Fonts/Lato-Bold.ttf",
				"Fonts/Lato-Medium.ttf",
				"Fonts/Lato-Regular.ttf",
			);
			target = F2E2EC182F1CC602000C2B53 /* StressMonitorWatch Watch App */;
		};
/* End PBXFileSystemSynchronizedBuildFileExceptionSet section */

/* Begin PBXFileSystemSynchronizedRootGroup section */
		F211BBDD2FD9112000A6E25D /* StressMonitorWidget */ = {
			isa = PBXFileSystemSynchronizedRootGroup;
			exceptions = (
				F211BBF12FD9112200A6E25D /* Exceptions for "StressMonitorWidget" folder in "StressMonitorWidgetExtension" target */,
			);
			path = StressMonitorWidget;
			sourceTree = "<group>";
		};
		F2E2EBEB2F1CC553000C2B53 /* StressMonitor */ = {
			isa = PBXFileSystemSynchronizedRootGroup;
			exceptions = (
				F2CD35E02FDD272A000ED536 /* Exceptions for "StressMonitor" folder in "StressMonitor" target */,
				F2D098F52F66727C00EC7538 /* Exceptions for "StressMonitor" folder in "StressMonitorWatch Watch App" target */,
			);
			path = StressMonitor;
			sourceTree = "<group>";
		};
		F2E2EBFB2F1CC556000C2B53 /* StressMonitorTests */ = {
			isa = PBXFileSystemSynchronizedRootGroup;
			exceptions = (
			);
			path = StressMonitorTests;
			sourceTree = "<group>";
		};
		F2E2EC1A2F1CC602000C2B53 /* StressMonitorWatch Watch App */ = {
			isa = PBXFileSystemSynchronizedRootGroup;
			exceptions = (
			);
			path = "StressMonitorWatch Watch App";
			sourceTree = "<group>";
		};
/* End PBXFileSystemSynchronizedRootGroup section */

/* Begin PBXFrameworksBuildPhase section */
		EF2D25C747C7E6999174B851 /* Frameworks */ = {
			isa = PBXFrameworksBuildPhase;
			buildActionMask = 2147483647;
			files = (
				161880419362762F1F5C1754 /* Foundation.framework in Frameworks */,
			);
			runOnlyForDeploymentPostprocessing = 0;
		};
		F211BBD42FD9111F00A6E25D /* Frameworks */ = {
			isa = PBXFrameworksBuildPhase;
			buildActionMask = 2147483647;
			files = (
				F211BBDC2FD9112000A6E25D /* SwiftUI.framework in Frameworks */,
				F211BBDA2FD9112000A6E25D /* WidgetKit.framework in Frameworks */,
			);
			runOnlyForDeploymentPostprocessing = 0;
		};
		F2E2EBE62F1CC553000C2B53 /* Frameworks */ = {
			isa = PBXFrameworksBuildPhase;
			buildActionMask = 2147483647;
			files = (
			);
			runOnlyForDeploymentPostprocessing = 0;
		};
		F2E2EC162F1CC602000C2B53 /* Frameworks */ = {
			isa = PBXFrameworksBuildPhase;
			buildActionMask = 2147483647;
			files = (
			);
			runOnlyForDeploymentPostprocessing = 0;
		};
/* End PBXFrameworksBuildPhase section */

/* Begin PBXGroup section */
		0436E9F0BDE6A6947FE30F53 /* iOS */ = {
			isa = PBXGroup;
			children = (
				B658C60AC9A3134AE0C3EDA5 /* Foundation.framework */,
			);
			name = iOS;
			sourceTree = "<group>";
		};
		F211BBD82FD9111F00A6E25D /* Frameworks */ = {
			isa = PBXGroup;
			children = (
				F211BBD92FD9111F00A6E25D /* WidgetKit.framework */,
				F211BBDB2FD9112000A6E25D /* SwiftUI.framework */,
				0436E9F0BDE6A6947FE30F53 /* iOS */,
			);
			name = Frameworks;
			sourceTree = "<group>";
		};
		F2C504FF3042BDAB00758B16 /* Recovered References */ = {
			isa = PBXGroup;
			children = (
				B6AC42E6137A72A55808876F /* WidgetPublisherKeyMatchingTests.swift */,
				174DE64763F4E03018E24D7D /* WidgetDataStateTests.swift */,
				F1A1B2C3D4E500000000A001 /* ModelContainerRecoveryTests.swift */,
				F1A1B2C3D4E500000000A002 /* StressMeasurementMigrationTests.swift */,
			);
			name = "Recovered References";
			sourceTree = "<group>";
		};
		F2E2EBE02F1CC553000C2B53 = {
			isa = PBXGroup;
			children = (
				F2E2EBEB2F1CC553000C2B53 /* StressMonitor */,
				F2E2EBFB2F1CC556000C2B53 /* StressMonitorTests */,
				F2E2EC1A2F1CC602000C2B53 /* StressMonitorWatch Watch App */,
				F211BBDD2FD9112000A6E25D /* StressMonitorWidget */,
				F211BBD82FD9111F00A6E25D /* Frameworks */,
				F2E2EBEA2F1CC553000C2B53 /* Products */,
				0A2D695731CC6780A428E4AC /* BioAgeCalculatorTests.swift */,
				00D7CBDFC67338FE88016310 /* CharacterAssetResolverTests.swift */,
				21C3984665BFD5D2C50B51BC /* CharacterCollectionViewModelTests.swift */,
				713235225361EAF1FE04D14B /* CharacterEntitlementSyncTests.swift */,
				5F1E29FB29A0C0373818403F /* PremiumViewModelTests.swift */,
				A41EC256A3DD566A20DAB84B /* StoreKitProductCatalogTests.swift */,
				0ED711106429F77E210D3F60 /* StoreKitServiceTests.swift */,
				38B4FDA585844AA492F5BFEB /* StoreKitTestSessionProvider.swift */,
				FF19921F5E82175704921949 /* StressContextPayloadTests.swift */,
				F1A1B2C3D4E500000000A003 /* StressAPIConfigTests.swift */,
				F1A1B2C3D4E500000000A004 /* StressAPIClientTests.swift */,
				F1A1B2C3D4E500000000A005 /* FirebaseAuthServiceTests.swift */,
				F1A1B2C3D4E500000000A006 /* AccountViewModelTests.swift */,
				F1A1B2C3D4E500000000A007 /* ChatAvailabilityTests.swift */,
				F1A1B2C3D4E500000000A008 /* ChatLifecycleTests.swift */,
				F1A1B2C3D4E500000000A009 /* SSEParserTests.swift */,
				F1A1B2C3D4E500000000A010 /* LLMServiceErrorTests.swift */,
				F1A1B2C3D4E500000000A011 /* EntitlementForegroundCorrectionTests.swift */,
				F1A1B2C3D4E500000000A012 /* DataDeletionConsolidationTests.swift */,
				F1A1B2C3D4E500000000A013 /* StoreKitProductCatalogLiveTests.swift */,
				F1A1B2C3D4E500000000A014 /* CreditServiceTests.swift */,
				F1A1B2C3D4E500000000A015 /* StressAPIClientCreditsTests.swift */,
				F1A1B2C3D4E500000000A016 /* CreditPurchaseFlowTests.swift */,
				F1A1B2C3D4E500000000A017 /* CreditsViewModelTests.swift */,
				F1A1B2C3D4E500000000A018 /* StressAPIClientSessionsTests.swift */,
				F1A1B2C3D4E500000000A019 /* ChatHistoryRestoreTests.swift */,
				F1A1B2C3D4E500000000A020 /* StressAPIClientPreferencesTests.swift */,
				F1A1B2C3D4E500000000A021 /* PreferencesServiceTests.swift */,
				F1A1B2C3D4E500000000A022 /* StressAPIClientQuickActionsTests.swift */,
				F1A1B2C3D4E500000000A023 /* DataDeleterServerWipeTests.swift */,
				F1A1B2C3D4E500000000A024 /* FirebaseBootstrapTests.swift */,
				F1A1B2C3D4E500000000A025 /* AuthServiceErrorTests.swift */,
				F1A1B2C3D4E500000000A026 /* DataDeleterCloudKitTruthinessTests.swift */,
				F1A1B2C3D4E500000000A027 /* StoreKitServiceWiringTests.swift */,
				F1A1B2C3D4E500000000A028 /* ContrastComplianceTests.swift */,
				F1A1B2C3D4E500000000A031 /* StressCategoryAccessibilityTests.swift */,
				F1A1B2C3D4E500000000A029 /* FontWellnessTypeParityTests.swift */,
				F1A1B2C3D4E500000000A030 /* ChartAccessibilityTests.swift */,
				F1A1B2C3D4E500000000A031 /* StressAPIClientHealthTests.swift */,
				F1A1B2C3D4E500000000A032 /* HealthKitDailySummaryTests.swift */,
				F1A1B2C3D4E500000000A033 /* HealthSyncServiceTests.swift */,
				F1A1B2C3D4E500000000A034 /* AgentChatViewModelTests.swift */,
				4C67EAC979024C30F581AD22 /* StressMonitorProducts.storekit */,
				F2C504FF3042BDAB00758B16 /* Recovered References */,
			);
			sourceTree = "<group>";
		};
		F2E2EBEA2F1CC553000C2B53 /* Products */ = {
			isa = PBXGroup;
			children = (
				F2E2EBE92F1CC553000C2B53 /* StressMonitor.app */,
				F2E2EC022F1CC556000C2B53 /* StressMonitorUITests.xctest */,
				F2E2EC192F1CC602000C2B53 /* StressMonitorWatch Watch App.app */,
				F2E2EC252F1CC605000C2B53 /* StressMonitorWatch Watch AppTests.xctest */,
				F2E2EC2F2F1CC605000C2B53 /* StressMonitorWatch Watch AppUITests.xctest */,
				F211BBD72FD9111F00A6E25D /* StressMonitorWidgetExtension.appex */,
				4EBAA6A00E9A0149628330B9 /* StressMonitorTests.xctest */,
			);
			name = Products;
			sourceTree = "<group>";
		};
/* End PBXGroup section */

/* Begin PBXNativeTarget section */
		0685AF23B64355DB99B05140 /* StressMonitorTests */ = {
			isa = PBXNativeTarget;
			buildConfigurationList = C1E1A8FA5DB5440F7631160C /* Build configuration list for PBXNativeTarget "StressMonitorTests" */;
			buildPhases = (
				3828578ADDAD4AC5925394DB /* Sources */,
				EF2D25C747C7E6999174B851 /* Frameworks */,
				A59315CE0820B918DACF4AA6 /* Resources */,
			);
			buildRules = (
			);
			dependencies = (
				AB9ECF9D3D056056C6EA08D5 /* PBXTargetDependency */,
			);
			name = StressMonitorTests;
			productName = StressMonitorTests;
			productReference = 4EBAA6A00E9A0149628330B9 /* StressMonitorTests.xctest */;
			productType = "com.apple.product-type.bundle.unit-test";
		};
		F211BBD62FD9111F00A6E25D /* StressMonitorWidgetExtension */ = {
			isa = PBXNativeTarget;
			buildConfigurationList = F211BBF22FD9112200A6E25D /* Build configuration list for PBXNativeTarget "StressMonitorWidgetExtension" */;
			buildPhases = (
				F211BBD32FD9111F00A6E25D /* Sources */,
				F211BBD42FD9111F00A6E25D /* Frameworks */,
				F211BBD52FD9111F00A6E25D /* Resources */,
			);
			buildRules = (
			);
			dependencies = (
			);
			fileSystemSynchronizedGroups = (
				F211BBDD2FD9112000A6E25D /* StressMonitorWidget */,
			);
			name = StressMonitorWidgetExtension;
			productName = StressMonitorWidgetExtension;
			productReference = F211BBD72FD9111F00A6E25D /* StressMonitorWidgetExtension.appex */;
			productType = "com.apple.product-type.app-extension";
		};
		F2E2EBE82F1CC553000C2B53 /* StressMonitor */ = {
			isa = PBXNativeTarget;
			buildConfigurationList = F2E2EC0C2F1CC556000C2B53 /* Build configuration list for PBXNativeTarget "StressMonitor" */;
			buildPhases = (
				F2E2EBE52F1CC553000C2B53 /* Sources */,
				F2E2EBE62F1CC553000C2B53 /* Frameworks */,
				F2E2EBE72F1CC553000C2B53 /* Resources */,
				F2E2EC3D2F1CC605000C2B53 /* Embed Watch Content */,
				F211BBEE2FD9112200A6E25D /* Embed Foundation Extensions */,
			);
			buildRules = (
			);
			dependencies = (
				F2E2EC382F1CC605000C2B53 /* PBXTargetDependency */,
				F211BBEC2FD9112200A6E25D /* PBXTargetDependency */,
			);
			fileSystemSynchronizedGroups = (
				F2E2EBEB2F1CC553000C2B53 /* StressMonitor */,
			);
			name = StressMonitor;
			packageProductDependencies = (
				C24A1D1C962200A0ADB75737 /* FirebaseAuth_proxied */,
				F125E68A1518EF9B500DADDA /* FirebaseCore_proxied */,
				7B5DBEA14CEB67077FD66BBE /* GoogleSignIn_proxied */,
			);
			productName = StressMonitor;
			productReference = F2E2EBE92F1CC553000C2B53 /* StressMonitor.app */;
			productType = "com.apple.product-type.application";
		};
		F2E2EC182F1CC602000C2B53 /* StressMonitorWatch Watch App */ = {
			isa = PBXNativeTarget;
			buildConfigurationList = F2E2EC3A2F1CC605000C2B53 /* Build configuration list for PBXNativeTarget "StressMonitorWatch Watch App" */;
			buildPhases = (
				F2E2EC152F1CC602000C2B53 /* Sources */,
				F2E2EC162F1CC602000C2B53 /* Frameworks */,
				F2E2EC172F1CC602000C2B53 /* Resources */,
			);
			buildRules = (
			);
			dependencies = (
			);
			fileSystemSynchronizedGroups = (
				F2E2EC1A2F1CC602000C2B53 /* StressMonitorWatch Watch App */,
			);
			name = "StressMonitorWatch Watch App";
			productName = "StressMonitorWatch Watch App";
			productReference = F2E2EC192F1CC602000C2B53 /* StressMonitorWatch Watch App.app */;
			productType = "com.apple.product-type.application";
		};
/* End PBXNativeTarget section */

/* Begin PBXProject section */
		F2E2EBE12F1CC553000C2B53 /* Project object */ = {
			isa = PBXProject;
			attributes = {
				BuildIndependentTargetsInParallel = 1;
				LastSwiftUpdateCheck = 2630;
				LastUpgradeCheck = 2630;
				TargetAttributes = {
					F211BBD62FD9111F00A6E25D = {
						CreatedOnToolsVersion = 26.3;
					};
					F2E2EBE82F1CC553000C2B53 = {
						CreatedOnToolsVersion = 26.1;
					};
					F2E2EC182F1CC602000C2B53 = {
						CreatedOnToolsVersion = 26.1;
					};
				};
			};
			buildConfigurationList = F2E2EBE42F1CC553000C2B53 /* Build configuration list for PBXProject "StressMonitor" */;
			developmentRegion = en;
			hasScannedForEncodings = 0;
			knownRegions = (
				en,
				Base,
			);
			mainGroup = F2E2EBE02F1CC553000C2B53;
			minimizedProjectReferenceProxies = 1;
			packageReferences = (
				C3ECFE78514FF7DFB2DBDB1E /* XCLocalSwiftPackageReference "proxy" */,
			);
			preferredProjectObjectVersion = 77;
			productRefGroup = F2E2EBEA2F1CC553000C2B53 /* Products */;
			projectDirPath = "";
			projectRoot = "";
			targets = (
				F2E2EBE82F1CC553000C2B53 /* StressMonitor */,
				F2E2EC182F1CC602000C2B53 /* StressMonitorWatch Watch App */,
				F211BBD62FD9111F00A6E25D /* StressMonitorWidgetExtension */,
				0685AF23B64355DB99B05140 /* StressMonitorTests */,
			);
		};
/* End PBXProject section */

/* Begin PBXResourcesBuildPhase section */
		A59315CE0820B918DACF4AA6 /* Resources */ = {
			isa = PBXResourcesBuildPhase;
			buildActionMask = 2147483647;
			files = (
				32CD859348BB101E3C19E3AA /* StressMonitorProducts.storekit in Resources */,
			);
			runOnlyForDeploymentPostprocessing = 0;
		};
		F211BBD52FD9111F00A6E25D /* Resources */ = {
			isa = PBXResourcesBuildPhase;
			buildActionMask = 2147483647;
			files = (
			);
			runOnlyForDeploymentPostprocessing = 0;
		};
		F2E2EBE72F1CC553000C2B53 /* Resources */ = {
			isa = PBXResourcesBuildPhase;
			buildActionMask = 2147483647;
			files = (
			);
			runOnlyForDeploymentPostprocessing = 0;
		};
		F2E2EC172F1CC602000C2B53 /* Resources */ = {
			isa = PBXResourcesBuildPhase;
			buildActionMask = 2147483647;
			files = (
			);
			runOnlyForDeploymentPostprocessing = 0;
		};
/* End PBXResourcesBuildPhase section */

/* Begin PBXSourcesBuildPhase section */
		3828578ADDAD4AC5925394DB /* Sources */ = {
			isa = PBXSourcesBuildPhase;
			buildActionMask = 2147483647;
			files = (
				0AC7DE62F2CAC058942306E7 /* BioAgeCalculatorTests.swift in Sources */,
				2A951B0BD4333E43C6CD797D /* CharacterAssetResolverTests.swift in Sources */,
				E21535775B493D041FBC5E94 /* CharacterCollectionViewModelTests.swift in Sources */,
				4B42B91606B4D42E3CE7A998 /* CharacterEntitlementSyncTests.swift in Sources */,
				F14C2C7A012F5F2D048E8230 /* PremiumViewModelTests.swift in Sources */,
				D1858B03657E705B3A69F771 /* StoreKitProductCatalogTests.swift in Sources */,
				9E36EB4221565C3D18AE9BF1 /* StoreKitServiceTests.swift in Sources */,
				741F9DF5DA5A4E97A3918E94 /* StoreKitTestSessionProvider.swift in Sources */,
				19FF7CDE8F20585FB3F027EC /* StressContextPayloadTests.swift in Sources */,
				39419B30DE0EE4EDBA6A2CB4 /* WidgetPublisherKeyMatchingTests.swift in Sources */,
				E8D9B7231036C614602516E5 /* WidgetDataStateTests.swift in Sources */,
				F1A1B2C3D4E500000000B001 /* ModelContainerRecoveryTests.swift in Sources */,
				F1A1B2C3D4E500000000B002 /* StressMeasurementMigrationTests.swift in Sources */,
				F1A1B2C3D4E500000000B003 /* StressAPIConfigTests.swift in Sources */,
				F1A1B2C3D4E500000000B004 /* StressAPIClientTests.swift in Sources */,
				F1A1B2C3D4E500000000B005 /* FirebaseAuthServiceTests.swift in Sources */,
				F1A1B2C3D4E500000000B006 /* AccountViewModelTests.swift in Sources */,
				F1A1B2C3D4E500000000B007 /* ChatAvailabilityTests.swift in Sources */,
				F1A1B2C3D4E500000000B008 /* ChatLifecycleTests.swift in Sources */,
				F1A1B2C3D4E500000000B009 /* SSEParserTests.swift in Sources */,
				F1A1B2C3D4E500000000B010 /* LLMServiceErrorTests.swift in Sources */,
				F1A1B2C3D4E500000000B011 /* EntitlementForegroundCorrectionTests.swift in Sources */,
				F1A1B2C3D4E500000000B012 /* DataDeletionConsolidationTests.swift in Sources */,
				F1A1B2C3D4E500000000B013 /* StoreKitProductCatalogLiveTests.swift in Sources */,
				F1A1B2C3D4E500000000B014 /* CreditServiceTests.swift in Sources */,
				F1A1B2C3D4E500000000B015 /* StressAPIClientCreditsTests.swift in Sources */,
				F1A1B2C3D4E500000000B016 /* CreditPurchaseFlowTests.swift in Sources */,
				F1A1B2C3D4E500000000B017 /* CreditsViewModelTests.swift in Sources */,
				F1A1B2C3D4E500000000B018 /* StressAPIClientSessionsTests.swift in Sources */,
				F1A1B2C3D4E500000000B019 /* ChatHistoryRestoreTests.swift in Sources */,
				F1A1B2C3D4E500000000B020 /* StressAPIClientPreferencesTests.swift in Sources */,
				F1A1B2C3D4E500000000B021 /* PreferencesServiceTests.swift in Sources */,
				F1A1B2C3D4E500000000B022 /* StressAPIClientQuickActionsTests.swift in Sources */,
				F1A1B2C3D4E500000000B023 /* DataDeleterServerWipeTests.swift in Sources */,
				F1A1B2C3D4E500000000B024 /* FirebaseBootstrapTests.swift in Sources */,
				F1A1B2C3D4E500000000B025 /* AuthServiceErrorTests.swift in Sources */,
				F1A1B2C3D4E500000000B026 /* DataDeleterCloudKitTruthinessTests.swift in Sources */,
				F1A1B2C3D4E500000000B027 /* StoreKitServiceWiringTests.swift in Sources */,
				F1A1B2C3D4E500000000B028 /* ContrastComplianceTests.swift in Sources */,
				F1A1B2C3D4E500000000B029 /* FontWellnessTypeParityTests.swift in Sources */,
				F1A1B2C3D4E500000000B030 /* ChartAccessibilityTests.swift in Sources */,
				F1A1B2C3D4E500000000B031 /* StressCategoryAccessibilityTests.swift in Sources */,
				F1A1B2C3D4E500000000B031 /* StressAPIClientHealthTests.swift in Sources */,
				F1A1B2C3D4E500000000B032 /* HealthKitDailySummaryTests.swift in Sources */,
				F1A1B2C3D4E500000000B033 /* HealthSyncServiceTests.swift in Sources */,
				F1A1B2C3D4E500000000B034 /* AgentChatViewModelTests.swift in Sources */,
			);
			runOnlyForDeploymentPostprocessing = 0;
		};
		F211BBD32FD9111F00A6E25D /* Sources */ = {
			isa = PBXSourcesBuildPhase;
			buildActionMask = 2147483647;
			files = (
			);
			runOnlyForDeploymentPostprocessing = 0;
		};
		F2E2EBE52F1CC553000C2B53 /* Sources */ = {
			isa = PBXSourcesBuildPhase;
			buildActionMask = 2147483647;
			files = (
			);
			runOnlyForDeploymentPostprocessing = 0;
		};
		F2E2EC152F1CC602000C2B53 /* Sources */ = {
			isa = PBXSourcesBuildPhase;
			buildActionMask = 2147483647;
			files = (
			);
			runOnlyForDeploymentPostprocessing = 0;
		};
/* End PBXSourcesBuildPhase section */

/* Begin PBXTargetDependency section */
		AB9ECF9D3D056056C6EA08D5 /* PBXTargetDependency */ = {
			isa = PBXTargetDependency;
			name = StressMonitor;
			target = F2E2EBE82F1CC553000C2B53 /* StressMonitor */;
			targetProxy = CEED39EED27C5F01A50C927C /* PBXContainerItemProxy */;
		};
		F211BBEC2FD9112200A6E25D /* PBXTargetDependency */ = {
			isa = PBXTargetDependency;
			target = F211BBD62FD9111F00A6E25D /* StressMonitorWidgetExtension */;
			targetProxy = F211BBEB2FD9112200A6E25D /* PBXContainerItemProxy */;
		};
		F2E2EC382F1CC605000C2B53 /* PBXTargetDependency */ = {
			isa = PBXTargetDependency;
			target = F2E2EC182F1CC602000C2B53 /* StressMonitorWatch Watch App */;
			targetProxy = F2E2EC372F1CC605000C2B53 /* PBXContainerItemProxy */;
		};
/* End PBXTargetDependency section */

/* Begin XCBuildConfiguration section */
		3709BE731D5C88C8B1EFCFF6 /* Debug */ = {
			isa = XCBuildConfiguration;
			buildSettings = {
				BUNDLE_LOADER = "$(TEST_HOST)";
				CLANG_ENABLE_OBJC_WEAK = NO;
				CODE_SIGNING_ALLOWED = NO;
				CODE_SIGNING_REQUIRED = NO;
				CODE_SIGN_STYLE = Automatic;
				GENERATE_INFOPLIST_FILE = YES;
				IPHONEOS_DEPLOYMENT_TARGET = 18.6;
				PRODUCT_BUNDLE_IDENTIFIER = stress.ai.com.StressMonitorTests;
				PRODUCT_NAME = "$(TARGET_NAME)";
				SDKROOT = iphoneos;
				SUPPORTED_PLATFORMS = "iphoneos iphonesimulator";
				SWIFT_APPROACHABLE_CONCURRENCY = YES;
				SWIFT_VERSION = 5.0;
				TARGETED_DEVICE_FAMILY = "1,2";
				TEST_HOST = "$(BUILT_PRODUCTS_DIR)/StressMonitor.app/$(BUNDLE_EXECUTABLE_FOLDER_PATH)/StressMonitor";
			};
			name = Debug;
		};
		E207A69D4B48703A2CE2AAF1 /* Release */ = {
			isa = XCBuildConfiguration;
			buildSettings = {
				BUNDLE_LOADER = "$(TEST_HOST)";
				CLANG_ENABLE_OBJC_WEAK = NO;
				CODE_SIGNING_ALLOWED = NO;
				CODE_SIGNING_REQUIRED = NO;
				CODE_SIGN_STYLE = Automatic;
				GENERATE_INFOPLIST_FILE = YES;
				IPHONEOS_DEPLOYMENT_TARGET = 18.6;
				PRODUCT_BUNDLE_IDENTIFIER = stress.ai.com.StressMonitorTests;
				PRODUCT_NAME = "$(TARGET_NAME)";
				SDKROOT = iphoneos;
				SUPPORTED_PLATFORMS = "iphoneos iphonesimulator";
				SWIFT_APPROACHABLE_CONCURRENCY = YES;
				SWIFT_VERSION = 5.0;
				TARGETED_DEVICE_FAMILY = "1,2";
				TEST_HOST = "$(BUILT_PRODUCTS_DIR)/StressMonitor.app/$(BUNDLE_EXECUTABLE_FOLDER_PATH)/StressMonitor";
				VALIDATE_PRODUCT = YES;
			};
			name = Release;
		};
		F211BBEF2FD9112200A6E25D /* Debug */ = {
	buildSettings = {
		"ASSETCATALOG_COMPILER_GLOBAL_ACCENT_COLOR_NAME" = AccentColor;
		"ASSETCATALOG_COMPILER_WIDGET_BACKGROUND_COLOR_NAME" = WidgetBackground;
		"CODE_SIGN_ENTITLEMENTS" = "StressMonitorWidget/StressMonitorWidget.entitlements";
		"CODE_SIGN_STYLE" = Automatic;
		"CURRENT_PROJECT_VERSION" = 16;
		"DEVELOPMENT_TEAM" = K2TYLYAWMK;
		"GENERATE_INFOPLIST_FILE" = YES;
		"INFOPLIST_FILE" = "StressMonitorWidget/Info.plist";
		"INFOPLIST_KEY_CFBundleDisplayName" = StressMonitorWidget;
		"INFOPLIST_KEY_NSHumanReadableCopyright" = "";
		"IPHONEOS_DEPLOYMENT_TARGET" = "18.6";
		"LD_RUNPATH_SEARCH_PATHS" = (
			"$(inherited)",
			"@executable_path/Frameworks",
			"@executable_path/../../Frameworks",
		);
		"MARKETING_VERSION" = "1.0.0";
		"PRODUCT_BUNDLE_IDENTIFIER" = "stress.ai.com.widget";
		"PRODUCT_NAME" = "$(TARGET_NAME)";
		"PROVISIONING_PROFILE_SPECIFIER" = "";
		"SKIP_INSTALL" = YES;
		"STRING_CATALOG_GENERATE_SYMBOLS" = YES;
		"SWIFT_APPROACHABLE_CONCURRENCY" = YES;
		"SWIFT_EMIT_LOC_STRINGS" = YES;
		"SWIFT_UPCOMING_FEATURE_MEMBER_IMPORT_VISIBILITY" = YES;
		"SWIFT_VERSION" = "5.0";
		"TARGETED_DEVICE_FAMILY" = "1,2";
	};
	isa = XCBuildConfiguration;
	name = Debug;
};
		F211BBF02FD9112200A6E25D /* Release */ = {
	buildSettings = {
		"ASSETCATALOG_COMPILER_GLOBAL_ACCENT_COLOR_NAME" = AccentColor;
		"ASSETCATALOG_COMPILER_WIDGET_BACKGROUND_COLOR_NAME" = WidgetBackground;
		"CODE_SIGN_ENTITLEMENTS" = "StressMonitorWidget/StressMonitorWidget.entitlements";
		"CODE_SIGN_STYLE" = Automatic;
		"CURRENT_PROJECT_VERSION" = 16;
		"DEVELOPMENT_TEAM" = K2TYLYAWMK;
		"GENERATE_INFOPLIST_FILE" = YES;
		"INFOPLIST_FILE" = "StressMonitorWidget/Info.plist";
		"INFOPLIST_KEY_CFBundleDisplayName" = StressMonitorWidget;
		"INFOPLIST_KEY_NSHumanReadableCopyright" = "";
		"IPHONEOS_DEPLOYMENT_TARGET" = "18.6";
		"LD_RUNPATH_SEARCH_PATHS" = (
			"$(inherited)",
			"@executable_path/Frameworks",
			"@executable_path/../../Frameworks",
		);
		"MARKETING_VERSION" = "1.0.0";
		"PRODUCT_BUNDLE_IDENTIFIER" = "stress.ai.com.widget";
		"PRODUCT_NAME" = "$(TARGET_NAME)";
		"PROVISIONING_PROFILE_SPECIFIER" = "";
		"SKIP_INSTALL" = YES;
		"STRING_CATALOG_GENERATE_SYMBOLS" = YES;
		"SWIFT_APPROACHABLE_CONCURRENCY" = YES;
		"SWIFT_EMIT_LOC_STRINGS" = YES;
		"SWIFT_UPCOMING_FEATURE_MEMBER_IMPORT_VISIBILITY" = YES;
		"SWIFT_VERSION" = "5.0";
		"TARGETED_DEVICE_FAMILY" = "1,2";
	};
	isa = XCBuildConfiguration;
	name = Release;
};
		F2E2EC0A2F1CC556000C2B53 /* Debug */ = {
			isa = XCBuildConfiguration;
			buildSettings = {
				ALWAYS_SEARCH_USER_PATHS = NO;
				ASSETCATALOG_COMPILER_GENERATE_SWIFT_ASSET_SYMBOL_EXTENSIONS = YES;
				CLANG_ANALYZER_NONNULL = YES;
				CLANG_ANALYZER_NUMBER_OBJECT_CONVERSION = YES_AGGRESSIVE;
				CLANG_CXX_LANGUAGE_STANDARD = "gnu++20";
				CLANG_ENABLE_MODULES = YES;
				CLANG_ENABLE_OBJC_ARC = YES;
				CLANG_ENABLE_OBJC_WEAK = YES;
				CLANG_WARN_BLOCK_CAPTURE_AUTORELEASING = YES;
				CLANG_WARN_BOOL_CONVERSION = YES;
				CLANG_WARN_COMMA = YES;
				CLANG_WARN_CONSTANT_CONVERSION = YES;
				CLANG_WARN_DEPRECATED_OBJC_IMPLEMENTATIONS = YES;
				CLANG_WARN_DIRECT_OBJC_ISA_USAGE = YES_ERROR;
				CLANG_WARN_DOCUMENTATION_COMMENTS = YES;
				CLANG_WARN_EMPTY_BODY = YES;
				CLANG_WARN_ENUM_CONVERSION = YES;
				CLANG_WARN_INFINITE_RECURSION = YES;
				CLANG_WARN_INT_CONVERSION = YES;
				CLANG_WARN_NON_LITERAL_NULL_CONVERSION = YES;
				CLANG_WARN_OBJC_IMPLICIT_RETAIN_SELF = YES;
				CLANG_WARN_OBJC_LITERAL_CONVERSION = YES;
				CLANG_WARN_OBJC_ROOT_CLASS = YES_ERROR;
				CLANG_WARN_QUOTED_INCLUDE_IN_FRAMEWORK_HEADER = YES;
				CLANG_WARN_RANGE_LOOP_ANALYSIS = YES;
				CLANG_WARN_STRICT_PROTOTYPES = YES;
				CLANG_WARN_SUSPICIOUS_MOVE = YES;
				CLANG_WARN_UNGUARDED_AVAILABILITY = YES_AGGRESSIVE;
				CLANG_WARN_UNREACHABLE_CODE = YES;
				CLANG_WARN__DUPLICATE_METHOD_MATCH = YES;
				COPY_PHASE_STRIP = NO;
				DEBUG_INFORMATION_FORMAT = dwarf;
				DEVELOPMENT_TEAM = K2TYLYAWMK;
				ENABLE_STRICT_OBJC_MSGSEND = YES;
				ENABLE_TESTABILITY = YES;
				ENABLE_USER_SCRIPT_SANDBOXING = YES;
				GCC_C_LANGUAGE_STANDARD = gnu17;
				GCC_DYNAMIC_NO_PIC = NO;
				GCC_NO_COMMON_BLOCKS = YES;
				GCC_OPTIMIZATION_LEVEL = 0;
				GCC_PREPROCESSOR_DEFINITIONS = (
					"DEBUG=1",
					"$(inherited)",
				);
				GCC_WARN_64_TO_32_BIT_CONVERSION = YES;
				GCC_WARN_ABOUT_RETURN_TYPE = YES_ERROR;
				GCC_WARN_UNDECLARED_SELECTOR = YES;
				GCC_WARN_UNINITIALIZED_AUTOS = YES_AGGRESSIVE;
				GCC_WARN_UNUSED_FUNCTION = YES;
				GCC_WARN_UNUSED_VARIABLE = YES;
				IPHONEOS_DEPLOYMENT_TARGET = 18.6;
				LOCALIZATION_PREFERS_STRING_CATALOGS = YES;
				MTL_ENABLE_DEBUG_INFO = INCLUDE_SOURCE;
				MTL_FAST_MATH = YES;
				ONLY_ACTIVE_ARCH = YES;
				SDKROOT = iphoneos;
				STRING_CATALOG_GENERATE_SYMBOLS = YES;
				SWIFT_ACTIVE_COMPILATION_CONDITIONS = "DEBUG $(inherited)";
				SWIFT_OPTIMIZATION_LEVEL = "-Onone";
			};
			name = Debug;
		};
		F2E2EC0B2F1CC556000C2B53 /* Release */ = {
			isa = XCBuildConfiguration;
			buildSettings = {
				ALWAYS_SEARCH_USER_PATHS = NO;
				ASSETCATALOG_COMPILER_GENERATE_SWIFT_ASSET_SYMBOL_EXTENSIONS = YES;
				CLANG_ANALYZER_NONNULL = YES;
				CLANG_ANALYZER_NUMBER_OBJECT_CONVERSION = YES_AGGRESSIVE;
				CLANG_CXX_LANGUAGE_STANDARD = "gnu++20";
				CLANG_ENABLE_MODULES = YES;
				CLANG_ENABLE_OBJC_ARC = YES;
				CLANG_ENABLE_OBJC_WEAK = YES;
				CLANG_WARN_BLOCK_CAPTURE_AUTORELEASING = YES;
				CLANG_WARN_BOOL_CONVERSION = YES;
				CLANG_WARN_COMMA = YES;
				CLANG_WARN_CONSTANT_CONVERSION = YES;
				CLANG_WARN_DEPRECATED_OBJC_IMPLEMENTATIONS = YES;
				CLANG_WARN_DIRECT_OBJC_ISA_USAGE = YES_ERROR;
				CLANG_WARN_DOCUMENTATION_COMMENTS = YES;
				CLANG_WARN_EMPTY_BODY = YES;
				CLANG_WARN_ENUM_CONVERSION = YES;
				CLANG_WARN_INFINITE_RECURSION = YES;
				CLANG_WARN_INT_CONVERSION = YES;
				CLANG_WARN_NON_LITERAL_NULL_CONVERSION = YES;
				CLANG_WARN_OBJC_IMPLICIT_RETAIN_SELF = YES;
				CLANG_WARN_OBJC_LITERAL_CONVERSION = YES;
				CLANG_WARN_OBJC_ROOT_CLASS = YES_ERROR;
				CLANG_WARN_QUOTED_INCLUDE_IN_FRAMEWORK_HEADER = YES;
				CLANG_WARN_RANGE_LOOP_ANALYSIS = YES;
				CLANG_WARN_STRICT_PROTOTYPES = YES;
				CLANG_WARN_SUSPICIOUS_MOVE = YES;
				CLANG_WARN_UNGUARDED_AVAILABILITY = YES_AGGRESSIVE;
				CLANG_WARN_UNREACHABLE_CODE = YES;
				CLANG_WARN__DUPLICATE_METHOD_MATCH = YES;
				COPY_PHASE_STRIP = NO;
				DEBUG_INFORMATION_FORMAT = "dwarf-with-dsym";
				DEVELOPMENT_TEAM = K2TYLYAWMK;
				ENABLE_NS_ASSERTIONS = NO;
				ENABLE_STRICT_OBJC_MSGSEND = YES;
				ENABLE_USER_SCRIPT_SANDBOXING = YES;
				GCC_C_LANGUAGE_STANDARD = gnu17;
				GCC_NO_COMMON_BLOCKS = YES;
				GCC_WARN_64_TO_32_BIT_CONVERSION = YES;
				GCC_WARN_ABOUT_RETURN_TYPE = YES_ERROR;
				GCC_WARN_UNDECLARED_SELECTOR = YES;
				GCC_WARN_UNINITIALIZED_AUTOS = YES_AGGRESSIVE;
				GCC_WARN_UNUSED_FUNCTION = YES;
				GCC_WARN_UNUSED_VARIABLE = YES;
				IPHONEOS_DEPLOYMENT_TARGET = 18.6;
				LOCALIZATION_PREFERS_STRING_CATALOGS = YES;
				MTL_ENABLE_DEBUG_INFO = NO;
				MTL_FAST_MATH = YES;
				SDKROOT = iphoneos;
				STRING_CATALOG_GENERATE_SYMBOLS = YES;
				SWIFT_COMPILATION_MODE = wholemodule;
				VALIDATE_PRODUCT = YES;
			};
			name = Release;
		};
		F2E2EC0D2F1CC556000C2B53 /* Debug */ = {
	buildSettings = {
		"ASSETCATALOG_COMPILER_APPICON_NAME" = AppIcon;
		"ASSETCATALOG_COMPILER_GLOBAL_ACCENT_COLOR_NAME" = AccentColor;
		"CODE_SIGN_ENTITLEMENTS" = "StressMonitor/StressMonitor.entitlements";
		"CODE_SIGN_STYLE" = Automatic;
		"CURRENT_PROJECT_VERSION" = 16;
		"DEVELOPMENT_TEAM" = K2TYLYAWMK;
		"ENABLE_PREVIEWS" = YES;
		"GENERATE_INFOPLIST_FILE" = YES;
		"INFOPLIST_FILE" = "StressMonitor/Info.plist";
		"INFOPLIST_KEY_CFBundleDisplayName" = "Stress AI Coach";
		"INFOPLIST_KEY_ITSAppUsesNonExemptEncryption" = NO;
		"INFOPLIST_KEY_LSApplicationCategoryType" = "public.app-category.healthcare-fitness";
		"INFOPLIST_KEY_NSCameraUsageDescription" = "Camera access allows you to capture photos and videos to share in chat conversations.";
		"INFOPLIST_KEY_NSHealthClinicalHealthRecordsShareUsageDescription" = "We need access to your health data to monitor stress levels.";
		"INFOPLIST_KEY_NSHealthShareUsageDescription" = "We need access to your health data to monitor stress levels.";
		"INFOPLIST_KEY_NSHealthUpdateUsageDescription" = "We need to update your health data with stress measurements.";
		"INFOPLIST_KEY_UIApplicationSceneManifest_Generation" = YES;
		"INFOPLIST_KEY_UIApplicationSupportsIndirectInputEvents" = YES;
		"INFOPLIST_KEY_UIBackgroundModes" = "fetch processing";
		"INFOPLIST_KEY_UILaunchScreen_Generation" = YES;
		"INFOPLIST_KEY_UISupportedInterfaceOrientations" = UIInterfaceOrientationPortrait;
		"INFOPLIST_KEY_UISupportedInterfaceOrientations_iPad" = UIInterfaceOrientationLandscapeRight;
		"IPHONEOS_DEPLOYMENT_TARGET" = "18.6";
		"LD_RUNPATH_SEARCH_PATHS" = (
			"$(inherited)",
			"@executable_path/Frameworks",
		);
		"MARKETING_VERSION" = "1.0.0";
		"PRODUCT_BUNDLE_IDENTIFIER" = "stress.ai.com";
		"PRODUCT_NAME" = "$(TARGET_NAME)";
		"PROVISIONING_PROFILE_SPECIFIER" = "";
		"STRING_CATALOG_GENERATE_SYMBOLS" = YES;
		"SUPPORTED_PLATFORMS" = "iphoneos iphonesimulator";
		"SUPPORTS_MACCATALYST" = NO;
		"SUPPORTS_MAC_DESIGNED_FOR_IPHONE_IPAD" = NO;
		"SUPPORTS_XR_DESIGNED_FOR_IPHONE_IPAD" = NO;
		"SWIFT_APPROACHABLE_CONCURRENCY" = YES;
		"SWIFT_DEFAULT_ACTOR_ISOLATION" = MainActor;
		"SWIFT_EMIT_LOC_STRINGS" = YES;
		"SWIFT_UPCOMING_FEATURE_MEMBER_IMPORT_VISIBILITY" = YES;
		"SWIFT_VERSION" = "5.0";
		"TARGETED_DEVICE_FAMILY" = 1;
	};
	isa = XCBuildConfiguration;
	name = Debug;
};
		F2E2EC0E2F1CC556000C2B53 /* Release */ = {
	buildSettings = {
		"ASSETCATALOG_COMPILER_APPICON_NAME" = AppIcon;
		"ASSETCATALOG_COMPILER_GLOBAL_ACCENT_COLOR_NAME" = AccentColor;
		"CODE_SIGN_ENTITLEMENTS" = "StressMonitor/StressMonitor.entitlements";
		"CODE_SIGN_STYLE" = Automatic;
		"CURRENT_PROJECT_VERSION" = 16;
		"DEVELOPMENT_TEAM" = K2TYLYAWMK;
		"ENABLE_PREVIEWS" = YES;
		"GENERATE_INFOPLIST_FILE" = YES;
		"INFOPLIST_FILE" = "StressMonitor/Info.plist";
		"INFOPLIST_KEY_CFBundleDisplayName" = "Stress AI Coach";
		"INFOPLIST_KEY_ITSAppUsesNonExemptEncryption" = NO;
		"INFOPLIST_KEY_LSApplicationCategoryType" = "public.app-category.healthcare-fitness";
		"INFOPLIST_KEY_NSCameraUsageDescription" = "Camera access allows you to capture photos and videos to share in chat conversations.";
		"INFOPLIST_KEY_NSHealthClinicalHealthRecordsShareUsageDescription" = "We need access to your health data to monitor stress levels.";
		"INFOPLIST_KEY_NSHealthShareUsageDescription" = "We need access to your health data to monitor stress levels.";
		"INFOPLIST_KEY_NSHealthUpdateUsageDescription" = "We need to update your health data with stress measurements.";
		"INFOPLIST_KEY_UIApplicationSceneManifest_Generation" = YES;
		"INFOPLIST_KEY_UIApplicationSupportsIndirectInputEvents" = YES;
		"INFOPLIST_KEY_UIBackgroundModes" = "fetch processing";
		"INFOPLIST_KEY_UILaunchScreen_Generation" = YES;
		"INFOPLIST_KEY_UISupportedInterfaceOrientations" = UIInterfaceOrientationPortrait;
		"INFOPLIST_KEY_UISupportedInterfaceOrientations_iPad" = UIInterfaceOrientationLandscapeRight;
		"IPHONEOS_DEPLOYMENT_TARGET" = "18.6";
		"LD_RUNPATH_SEARCH_PATHS" = (
			"$(inherited)",
			"@executable_path/Frameworks",
		);
		"MARKETING_VERSION" = "1.0.0";
		"PRODUCT_BUNDLE_IDENTIFIER" = "stress.ai.com";
		"PRODUCT_NAME" = "$(TARGET_NAME)";
		"PROVISIONING_PROFILE_SPECIFIER" = "";
		"STRING_CATALOG_GENERATE_SYMBOLS" = YES;
		"SUPPORTED_PLATFORMS" = "iphoneos iphonesimulator";
		"SUPPORTS_MACCATALYST" = NO;
		"SUPPORTS_MAC_DESIGNED_FOR_IPHONE_IPAD" = NO;
		"SUPPORTS_XR_DESIGNED_FOR_IPHONE_IPAD" = NO;
		"SWIFT_APPROACHABLE_CONCURRENCY" = YES;
		"SWIFT_DEFAULT_ACTOR_ISOLATION" = MainActor;
		"SWIFT_EMIT_LOC_STRINGS" = YES;
		"SWIFT_UPCOMING_FEATURE_MEMBER_IMPORT_VISIBILITY" = YES;
		"SWIFT_VERSION" = "5.0";
		"TARGETED_DEVICE_FAMILY" = 1;
	};
	isa = XCBuildConfiguration;
	name = Release;
};
		F2E2EC3B2F1CC605000C2B53 /* Debug */ = {
	buildSettings = {
		"ASSETCATALOG_COMPILER_APPICON_NAME" = AppIcon;
		"ASSETCATALOG_COMPILER_GLOBAL_ACCENT_COLOR_NAME" = AccentColor;
		"CODE_SIGN_ENTITLEMENTS" = "StressMonitorWatch Watch App/StressMonitorWatch Watch App.entitlements";
		"CODE_SIGN_STYLE" = Automatic;
		"CURRENT_PROJECT_VERSION" = 16;
		"DEVELOPMENT_TEAM" = K2TYLYAWMK;
		"ENABLE_PREVIEWS" = YES;
		"GENERATE_INFOPLIST_FILE" = YES;
		"INFOPLIST_KEY_CFBundleDisplayName" = "Stress AI Coach";
		"INFOPLIST_KEY_NSHealthShareUsageDescription" = "We need access to your health data to monitor stress levels.";
		"INFOPLIST_KEY_NSHealthUpdateUsageDescription" = "We need to update your health data with stress measurements.";
		"INFOPLIST_KEY_UISupportedInterfaceOrientations" = "UIInterfaceOrientationPortrait UIInterfaceOrientationPortraitUpsideDown";
		"INFOPLIST_KEY_WKBackgroundModes" = fetch;
		"INFOPLIST_KEY_WKCompanionAppBundleIdentifier" = "stress.ai.com";
		"LD_RUNPATH_SEARCH_PATHS" = (
			"$(inherited)",
			"@executable_path/Frameworks",
		);
		"MARKETING_VERSION" = "1.0.0";
		"PRODUCT_BUNDLE_IDENTIFIER" = "stress.ai.com.watchkitapp";
		"PRODUCT_NAME" = "$(TARGET_NAME)";
		"PROVISIONING_PROFILE_SPECIFIER" = "";
		SDKROOT = watchos;
		"SKIP_INSTALL" = YES;
		"STRING_CATALOG_GENERATE_SYMBOLS" = YES;
		"SWIFT_APPROACHABLE_CONCURRENCY" = YES;
		"SWIFT_DEFAULT_ACTOR_ISOLATION" = MainActor;
		"SWIFT_EMIT_LOC_STRINGS" = YES;
		"SWIFT_UPCOMING_FEATURE_MEMBER_IMPORT_VISIBILITY" = YES;
		"SWIFT_VERSION" = "5.0";
		"TARGETED_DEVICE_FAMILY" = 4;
		"WATCHOS_DEPLOYMENT_TARGET" = "11.6";
	};
	isa = XCBuildConfiguration;
	name = Debug;
};
		F2E2EC3C2F1CC605000C2B53 /* Release */ = {
	buildSettings = {
		"ASSETCATALOG_COMPILER_APPICON_NAME" = AppIcon;
		"ASSETCATALOG_COMPILER_GLOBAL_ACCENT_COLOR_NAME" = AccentColor;
		"CODE_SIGN_ENTITLEMENTS" = "StressMonitorWatch Watch App/StressMonitorWatch Watch App.entitlements";
		"CODE_SIGN_STYLE" = Automatic;
		"CURRENT_PROJECT_VERSION" = 16;
		"DEVELOPMENT_TEAM" = K2TYLYAWMK;
		"ENABLE_PREVIEWS" = YES;
		"GENERATE_INFOPLIST_FILE" = YES;
		"INFOPLIST_KEY_CFBundleDisplayName" = "Stress AI Coach";
		"INFOPLIST_KEY_NSHealthShareUsageDescription" = "We need access to your health data to monitor stress levels.";
		"INFOPLIST_KEY_NSHealthUpdateUsageDescription" = "We need to update your health data with stress measurements.";
		"INFOPLIST_KEY_UISupportedInterfaceOrientations" = "UIInterfaceOrientationPortrait UIInterfaceOrientationPortraitUpsideDown";
		"INFOPLIST_KEY_WKBackgroundModes" = fetch;
		"INFOPLIST_KEY_WKCompanionAppBundleIdentifier" = "stress.ai.com";
		"LD_RUNPATH_SEARCH_PATHS" = (
			"$(inherited)",
			"@executable_path/Frameworks",
		);
		"MARKETING_VERSION" = "1.0.0";
		"PRODUCT_BUNDLE_IDENTIFIER" = "stress.ai.com.watchkitapp";
		"PRODUCT_NAME" = "$(TARGET_NAME)";
		"PROVISIONING_PROFILE_SPECIFIER" = "";
		SDKROOT = watchos;
		"SKIP_INSTALL" = YES;
		"STRING_CATALOG_GENERATE_SYMBOLS" = YES;
		"SWIFT_APPROACHABLE_CONCURRENCY" = YES;
		"SWIFT_DEFAULT_ACTOR_ISOLATION" = MainActor;
		"SWIFT_EMIT_LOC_STRINGS" = YES;
		"SWIFT_UPCOMING_FEATURE_MEMBER_IMPORT_VISIBILITY" = YES;
		"SWIFT_VERSION" = "5.0";
		"TARGETED_DEVICE_FAMILY" = 4;
		"WATCHOS_DEPLOYMENT_TARGET" = "11.6";
	};
	isa = XCBuildConfiguration;
	name = Release;
};
/* End XCBuildConfiguration section */

/* Begin XCConfigurationList section */
		C1E1A8FA5DB5440F7631160C /* Build configuration list for PBXNativeTarget "StressMonitorTests" */ = {
			isa = XCConfigurationList;
			buildConfigurations = (
				E207A69D4B48703A2CE2AAF1 /* Release */,
				3709BE731D5C88C8B1EFCFF6 /* Debug */,
			);
			defaultConfigurationIsVisible = 0;
			defaultConfigurationName = Release;
		};
		F211BBF22FD9112200A6E25D /* Build configuration list for PBXNativeTarget "StressMonitorWidgetExtension" */ = {
			isa = XCConfigurationList;
			buildConfigurations = (
				F211BBEF2FD9112200A6E25D /* Debug */,
				F211BBF02FD9112200A6E25D /* Release */,
			);
			defaultConfigurationIsVisible = 0;
			defaultConfigurationName = Release;
		};
		F2E2EBE42F1CC553000C2B53 /* Build configuration list for PBXProject "StressMonitor" */ = {
			isa = XCConfigurationList;
			buildConfigurations = (
				F2E2EC0A2F1CC556000C2B53 /* Debug */,
				F2E2EC0B2F1CC556000C2B53 /* Release */,
			);
			defaultConfigurationIsVisible = 0;
			defaultConfigurationName = Release;
		};
		F2E2EC0C2F1CC556000C2B53 /* Build configuration list for PBXNativeTarget "StressMonitor" */ = {
			isa = XCConfigurationList;
			buildConfigurations = (
				F2E2EC0D2F1CC556000C2B53 /* Debug */,
				F2E2EC0E2F1CC556000C2B53 /* Release */,
			);
			defaultConfigurationIsVisible = 0;
			defaultConfigurationName = Release;
		};
		F2E2EC3A2F1CC605000C2B53 /* Build configuration list for PBXNativeTarget "StressMonitorWatch Watch App" */ = {
			isa = XCConfigurationList;
			buildConfigurations = (
				F2E2EC3B2F1CC605000C2B53 /* Debug */,
				F2E2EC3C2F1CC605000C2B53 /* Release */,
			);
			defaultConfigurationIsVisible = 0;
			defaultConfigurationName = Release;
		};
/* End XCConfigurationList section */

/* Begin XCLocalSwiftPackageReference section */
		C3ECFE78514FF7DFB2DBDB1E /* XCLocalSwiftPackageReference "proxy" */ = {
			isa = XCLocalSwiftPackageReference;
			relativePath = "spm-cache/packages/proxy";
		};
/* End XCLocalSwiftPackageReference section */

/* Begin XCSwiftPackageProductDependency section */
		7B5DBEA14CEB67077FD66BBE /* GoogleSignIn_proxied */ = {
			isa = XCSwiftPackageProductDependency;
			package = C3ECFE78514FF7DFB2DBDB1E /* XCLocalSwiftPackageReference "proxy" */;
			productName = GoogleSignIn_proxied;
		};
		C24A1D1C962200A0ADB75737 /* FirebaseAuth_proxied */ = {
			isa = XCSwiftPackageProductDependency;
			package = C3ECFE78514FF7DFB2DBDB1E /* XCLocalSwiftPackageReference "proxy" */;
			productName = FirebaseAuth_proxied;
		};
		F125E68A1518EF9B500DADDA /* FirebaseCore_proxied */ = {
			isa = XCSwiftPackageProductDependency;
			package = C3ECFE78514FF7DFB2DBDB1E /* XCLocalSwiftPackageReference "proxy" */;
			productName = FirebaseCore_proxied;
		};
/* End XCSwiftPackageProductDependency section */
	};
	rootObject = F2E2EBE12F1CC553000C2B53 /* Project object */;
}
